// !$*UTF8*$!
{
	archiveVersion = 1;
	classes = {
	};
	objectVersion = 56;
	objects = {

/* Begin PBXBuildFile section */
		3FD4DB53298FCB51009AB33E /* AiEmojApp.swift in Sources */ = {isa = PBXBuildFile; fileRef = 3FD4DB52298FCB51009AB33E /* AiEmojApp.swift */; };
		3FD4DB55298FCB51009AB33E /* Persistence.swift in Sources */ = {isa = PBXBuildFile; fileRef = 3FD4DB54298FCB51009AB33E /* Persistence.swift */; };
		3FD4DB58298FCB51009AB33E /* AiEmoj.xcdatamodeld in Sources */ = {isa = PBXBuildFile; fileRef = 3FD4DB56298FCB51009AB33E /* AiEmoj.xcdatamodeld */; };
		3FD4DB5A298FCB51009AB33E /* ContentView.swift in Sources */ = {isa = PBXBuildFile; fileRef = 3FD4DB59298FCB51009AB33E /* ContentView.swift */; };
		3FD4DB5C298FCB52009AB33E /* Assets.xcassets in Resources */ = {isa = PBXBuildFile; fileRef = 3FD4DB5B298FCB52009AB33E /* Assets.xcassets */; };
		3FD4DB60298FCB52009AB33E /* Preview Assets.xcassets in Resources */ = {isa = PBXBuildFile; fileRef = 3FD4DB5F298FCB52009AB33E /* Preview Assets.xcassets */; };
		3FD4DB6A298FCB52009AB33E /* AiEmojTests.swift in Sources */ = {isa = PBXBuildFile; fileRef = 3FD4DB69298FCB52009AB33E /* AiEmojTests.swift */; };
		3FD4DB74298FCB52009AB33E /* AiEmojUITests.swift in Sources */ = {isa = PBXBuildFile; fileRef = 3FD4DB73298FCB52009AB33E /* AiEmojUITests.swift */; };
		3FD4DB76298FCB52009AB33E /* AiEmojUITestsLaunchTests.swift in Sources */ = {isa = PBXBuildFile; fileRef = 3FD4DB75298FCB52009AB33E /* AiEmojUITestsLaunchTests.swift */; };
		3FD4DB832990B384009AB33E /* SettingsView.swift in Sources */ = {isa = PBXBuildFile; fileRef = 3FD4DB822990B384009AB33E /* SettingsView.swift */; };
		3FD4DB852990B3D6009AB33E /* Ex.swift in Sources */ = {isa = PBXBuildFile; fileRef = 3FD4DB842990B3D6009AB33E /* Ex.swift */; };
		3FD4DB882990D63D009AB33E /* SwiftyJSON in Frameworks */ = {isa = PBXBuildFile; productRef = 3FD4DB872990D63D009AB33E /* SwiftyJSON */; };
/* End PBXBuildFile section */

/* Begin PBXContainerItemProxy section */
		3FD4DB66298FCB52009AB33E /* PBXContainerItemProxy */ = {
			isa = PBXContainerItemProxy;
			containerPortal = 3FD4DB47298FCB51009AB33E /* Project object */;
			proxyType = 1;
			remoteGlobalIDString = 3FD4DB4E298FCB51009AB33E;
			remoteInfo = AiEmoj;
		};
		3FD4DB70298FCB52009AB33E /* PBXContainerItemProxy */ = {
			isa = PBXContainerItemProxy;
			containerPortal = 3FD4DB47298FCB51009AB33E /* Project object */;
			proxyType = 1;
			remoteGlobalIDString = 3FD4DB4E298FCB51009AB33E;
			remoteInfo = AiEmoj;
		};
/* End PBXContainerItemProxy section */

/* Begin PBXFileReference section */
		3FD4DB4F298FCB51009AB33E /* AiEmoj.app */ = {isa = PBXFileReference; explicitFileType = wrapper.application; includeInIndex = 0; path = AiEmoj.app; sourceTree = BUILT_PRODUCTS_DIR; };
		3FD4DB52298FCB51009AB33E /* AiEmojApp.swift */ = {isa = PBXFileReference; lastKnownFileType = sourcecode.swift; path = AiEmojApp.swift; sourceTree = "<group>"; };
		3FD4DB54298FCB51009AB33E /* Persistence.swift */ = {isa = PBXFileReference; lastKnownFileType = sourcecode.swift; path = Persistence.swift; sourceTree = "<group>"; };
		3FD4DB57298FCB51009AB33E /* AiEmoj.xcdatamodel */ = {isa = PBXFileReference; lastKnownFileType = wrapper.xcdatamodel; path = AiEmoj.xcdatamodel; sourceTree = "<group>"; };
		3FD4DB59298FCB51009AB33E /* ContentView.swift */ = {isa = PBXFileReference; lastKnownFileType = sourcecode.swift; path = ContentView.swift; sourceTree = "<group>"; };
		3FD4DB5B298FCB52009AB33E /* Assets.xcassets */ = {isa = PBXFileReference; lastKnownFileType = folder.assetcatalog; path = Assets.xcassets; sourceTree = "<group>"; };
		3FD4DB5D298FCB52009AB33E /* AiEmoj.entitlements */ = {isa = PBXFileReference; lastKnownFileType = text.plist.entitlements; path = AiEmoj.entitlements; sourceTree = "<group>"; };
		3FD4DB5F298FCB52009AB33E /* Preview Assets.xcassets */ = {isa = PBXFileReference; lastKnownFileType = folder.assetcatalog; path = "Preview Assets.xcassets"; sourceTree = "<group>"; };
		3FD4DB65298FCB52009AB33E /* AiEmojTests.xctest */ = {isa = PBXFileReference; explicitFileType = wrapper.cfbundle; includeInIndex = 0; path = AiEmojTests.xctest; sourceTree = BUILT_PRODUCTS_DIR; };
		3FD4DB69298FCB52009AB33E /* AiEmojTests.swift */ = {isa = PBXFileReference; lastKnownFileType = sourcecode.swift; path = AiEmojTests.swift; sourceTree = "<group>"; };
		3FD4DB6F298FCB52009AB33E /* AiEmojUITests.xctest */ = {isa = PBXFileReference; explicitFileType = wrapper.cfbundle; includeInIndex = 0; path = AiEmojUITests.xctest; sourceTree = BUILT_PRODUCTS_DIR; };
		3FD4DB73298FCB52009AB33E /* AiEmojUITests.swift */ = {isa = PBXFileReference; lastKnownFileType = sourcecode.swift; path = AiEmojUITests.swift; sourceTree = "<group>"; };
		3FD4DB75298FCB52009AB33E /* AiEmojUITestsLaunchTests.swift */ = {isa = PBXFileReference; lastKnownFileType = sourcecode.swift; path = AiEmojUITestsLaunchTests.swift; sourceTree = "<group>"; };
		3FD4DB822990B384009AB33E /* SettingsView.swift */ = {isa = PBXFileReference; lastKnownFileType = sourcecode.swift; path = SettingsView.swift; sourceTree = "<group>"; };
		3FD4DB842990B3D6009AB33E /* Ex.swift */ = {isa = PBXFileReference; lastKnownFileType = sourcecode.swift; path = Ex.swift; sourceTree = "<group>"; };
/* End PBXFileReference section */

/* Begin PBXFrameworksBuildPhase section */
		3FD4DB4C298FCB51009AB33E /* Frameworks */ = {
			isa = PBXFrameworksBuildPhase;
			buildActionMask = 2147483647;
			files = (
				3FD4DB882990D63D009AB33E /* SwiftyJSON in Frameworks */,
			);
			runOnlyForDeploymentPostprocessing = 0;
		};
		3FD4DB62298FCB52009AB33E /* Frameworks */ = {
			isa = PBXFrameworksBuildPhase;
			buildActionMask = 2147483647;
			files = (
			);
			runOnlyForDeploymentPostprocessing = 0;
		};
		3FD4DB6C298FCB52009AB33E /* Frameworks */ = {
			isa = PBXFrameworksBuildPhase;
			buildActionMask = 2147483647;
			files = (
			);
			runOnlyForDeploymentPostprocessing = 0;
		};
/* End PBXFrameworksBuildPhase section */

/* Begin PBXGroup section */
		3FD4DB46298FCB51009AB33E = {
			isa = PBXGroup;
			children = (
				3FD4DB51298FCB51009AB33E /* AiEmoj */,
				3FD4DB68298FCB52009AB33E /* AiEmojTests */,
				3FD4DB72298FCB52009AB33E /* AiEmojUITests */,
				3FD4DB50298FCB51009AB33E /* Products */,
			);
			sourceTree = "<group>";
		};
		3FD4DB50298FCB51009AB33E /* Products */ = {
			isa = PBXGroup;
			children = (
				3FD4DB4F298FCB51009AB33E /* AiEmoj.app */,
				3FD4DB65298FCB52009AB33E /* AiEmojTests.xctest */,
				3FD4DB6F298FCB52009AB33E /* AiEmojUITests.xctest */,
			);
			name = Products;
			sourceTree = "<group>";
		};
		3FD4DB51298FCB51009AB33E /* AiEmoj */ = {
			isa = PBXGroup;
			children = (
				3FD4DB52298FCB51009AB33E /* AiEmojApp.swift */,
				3FD4DB54298FCB51009AB33E /* Persistence.swift */,
				3FD4DB59298FCB51009AB33E /* ContentView.swift */,
				3FD4DB5B298FCB52009AB33E /* Assets.xcassets */,
				3FD4DB5D298FCB52009AB33E /* AiEmoj.entitlements */,
				3FD4DB56298FCB51009AB33E /* AiEmoj.xcdatamodeld */,
				3FD4DB5E298FCB52009AB33E /* Preview Content */,
				3FD4DB822990B384009AB33E /* SettingsView.swift */,
				3FD4DB842990B3D6009AB33E /* Ex.swift */,
			);
			path = AiEmoj;
			sourceTree = "<group>";
		};
		3FD4DB5E298FCB52009AB33E /* Preview Content */ = {
			isa = PBXGroup;
			children = (
				3FD4DB5F298FCB52009AB33E /* Preview Assets.xcassets */,
			);
			path = "Preview Content";
			sourceTree = "<group>";
		};
		3FD4DB68298FCB52009AB33E /* AiEmojTests */ = {
			isa = PBXGroup;
			children = (
				3FD4DB69298FCB52009AB33E /* AiEmojTests.swift */,
			);
			path = AiEmojTests;
			sourceTree = "<group>";
		};
		3FD4DB72298FCB52009AB33E /* AiEmojUITests */ = {
			isa = PBXGroup;
			children = (
				3FD4DB73298FCB52009AB33E /* AiEmojUITests.swift */,
				3FD4DB75298FCB52009AB33E /* AiEmojUITestsLaunchTests.swift */,
			);
			path = AiEmojUITests;
			sourceTree = "<group>";
		};
/* End PBXGroup section */

/* Begin PBXNativeTarget section */
		3FD4DB4E298FCB51009AB33E /* AiEmoj */ = {
			isa = PBXNativeTarget;
			buildConfigurationList = 3FD4DB79298FCB52009AB33E /* Build configuration list for PBXNativeTarget "AiEmoj" */;
			buildPhases = (
				3FD4DB4B298FCB51009AB33E /* Sources */,
				3FD4DB4C298FCB51009AB33E /* Frameworks */,
				3FD4DB4D298FCB51009AB33E /* Resources */,
			);
			buildRules = (
			);
			dependencies = (
			);
			name = AiEmoj;
			packageProductDependencies = (
				3FD4DB872990D63D009AB33E /* SwiftyJSON */,
			);
			productName = AiEmoj;
			productReference = 3FD4DB4F298FCB51009AB33E /* AiEmoj.app */;
			productType = "com.apple.product-type.application";
		};
		3FD4DB64298FCB52009AB33E /* AiEmojTests */ = {
			isa = PBXNativeTarget;
			buildConfigurationList = 3FD4DB7C298FCB52009AB33E /* Build configuration list for PBXNativeTarget "AiEmojTests" */;
			buildPhases = (
				3FD4DB61298FCB52009AB33E /* Sources */,
				3FD4DB62298FCB52009AB33E /* Frameworks */,
				3FD4DB63298FCB52009AB33E /* Resources */,
			);
			buildRules = (
			);
			dependencies = (
				3FD4DB67298FCB52009AB33E /* PBXTargetDependency */,
			);
			name = AiEmojTests;
			productName = AiEmojTests;
			productReference = 3FD4DB65298FCB52009AB33E /* AiEmojTests.xctest */;
			productType = "com.apple.product-type.bundle.unit-test";
		};
		3FD4DB6E298FCB52009AB33E /* AiEmojUITests */ = {
			isa = PBXNativeTarget;
			buildConfigurationList = 3FD4DB7F298FCB52009AB33E /* Build configuration list for PBXNativeTarget "AiEmojUITests" */;
			buildPhases = (
				3FD4DB6B298FCB52009AB33E /* Sources */,
				3FD4DB6C298FCB52009AB33E /* Frameworks */,
				3FD4DB6D298FCB52009AB33E /* Resources */,
			);
			buildRules = (
			);
			dependencies = (
				3FD4DB71298FCB52009AB33E /* PBXTargetDependency */,
			);
			name = AiEmojUITests;
			productName = AiEmojUITests;
			productReference = 3FD4DB6F298FCB52009AB33E /* AiEmojUITests.xctest */;
			productType = "com.apple.product-type.bundle.ui-testing";
		};
/* End PBXNativeTarget section */

/* Begin PBXProject section */
		3FD4DB47298FCB51009AB33E /* Project object */ = {
			isa = PBXProject;
			attributes = {
				BuildIndependentTargetsInParallel = 1;
				LastSwiftUpdateCheck = 1420;
				LastUpgradeCheck = 1420;
				TargetAttributes = {
					3FD4DB4E298FCB51009AB33E = {
						CreatedOnToolsVersion = 14.2;
					};
					3FD4DB64298FCB52009AB33E = {
						CreatedOnToolsVersion = 14.2;
						TestTargetID = 3FD4DB4E298FCB51009AB33E;
					};
					3FD4DB6E298FCB52009AB33E = {
						CreatedOnToolsVersion = 14.2;
						TestTargetID = 3FD4DB4E298FCB51009AB33E;
					};
				};
			};
			buildConfigurationList = 3FD4DB4A298FCB51009AB33E /* Build configuration list for PBXProject "AiEmoj" */;
			compatibilityVersion = "Xcode 14.0";
			developmentRegion = en;
			hasScannedForEncodings = 0;
			knownRegions = (
				en,
				Base,
			);
			mainGroup = 3FD4DB46298FCB51009AB33E;
			packageReferences = (
				3FD4DB862990D63D009AB33E /* XCRemoteSwiftPackageReference "SwiftyJSON" */,
			);
			productRefGroup = 3FD4DB50298FCB51009AB33E /* Products */;
			projectDirPath = "";
			projectRoot = "";
			targets = (
				3FD4DB4E298FCB51009AB33E /* AiEmoj */,
				3FD4DB64298FCB52009AB33E /* AiEmojTests */,
				3FD4DB6E298FCB52009AB33E /* AiEmojUITests */,
			);
		};
/* End PBXProject section */

/* Begin PBXResourcesBuildPhase section */
		3FD4DB4D298FCB51009AB33E /* Resources */ = {
			isa = PBXResourcesBuildPhase;
			buildActionMask = 2147483647;
			files = (
				3FD4DB60298FCB52009AB33E /* Preview Assets.xcassets in Resources */,
				3FD4DB5C298FCB52009AB33E /* Assets.xcassets in Resources */,
			);
			runOnlyForDeploymentPostprocessing = 0;
		};
		3FD4DB63298FCB52009AB33E /* Resources */ = {
			isa = PBXResourcesBuildPhase;
			buildActionMask = 2147483647;
			files = (
			);
			runOnlyForDeploymentPostprocessing = 0;
		};
		3FD4DB6D298FCB52009AB33E /* Resources */ = {
			isa = PBXResourcesBuildPhase;
			buildActionMask = 2147483647;
			files = (
			);
			runOnlyForDeploymentPostprocessing = 0;
		};
/* End PBXResourcesBuildPhase section */

/* Begin PBXSourcesBuildPhase section */
		3FD4DB4B298FCB51009AB33E /* Sources */ = {
			isa = PBXSourcesBuildPhase;
			buildActionMask = 2147483647;
			files = (
				3FD4DB832990B384009AB33E /* SettingsView.swift in Sources */,
				3FD4DB53298FCB51009AB33E /* AiEmojApp.swift in Sources */,
				3FD4DB852990B3D6009AB33E /* Ex.swift in Sources */,
				3FD4DB58298FCB51009AB33E /* AiEmoj.xcdatamodeld in Sources */,
				3FD4DB5A298FCB51009AB33E /* ContentView.swift in Sources */,
				3FD4DB55298FCB51009AB33E /* Persistence.swift in Sources */,
			);
			runOnlyForDeploymentPostprocessing = 0;
		};
		3FD4DB61298FCB52009AB33E /* Sources */ = {
			isa = PBXSourcesBuildPhase;
			buildActionMask = 2147483647;
			files = (
				3FD4DB6A298FCB52009AB33E /* AiEmojTests.swift in Sources */,
			);
			runOnlyForDeploymentPostprocessing = 0;
		};
		3FD4DB6B298FCB52009AB33E /* Sources */ = {
			isa = PBXSourcesBuildPhase;
			buildActionMask = 2147483647;
			files = (
				3FD4DB74298FCB52009AB33E /* AiEmojUITests.swift in Sources */,
				3FD4DB76298FCB52009AB33E /* AiEmojUITestsLaunchTests.swift in Sources */,
			);
			runOnlyForDeploymentPostprocessing = 0;
		};
/* End PBXSourcesBuildPhase section */

/* Begin PBXTargetDependency section */
		3FD4DB67298FCB52009AB33E /* PBXTargetDependency */ = {
			isa = PBXTargetDependency;
			target = 3FD4DB4E298FCB51009AB33E /* AiEmoj */;
			targetProxy = 3FD4DB66298FCB52009AB33E /* PBXContainerItemProxy */;
		};
		3FD4DB71298FCB52009AB33E /* PBXTargetDependency */ = {
			isa = PBXTargetDependency;
			target = 3FD4DB4E298FCB51009AB33E /* AiEmoj */;
			targetProxy = 3FD4DB70298FCB52009AB33E /* PBXContainerItemProxy */;
		};
/* End PBXTargetDependency section */

/* Begin XCBuildConfiguration section */
		3FD4DB77298FCB52009AB33E /* Debug */ = {
			isa = XCBuildConfiguration;
			buildSettings = {
				ALWAYS_SEARCH_USER_PATHS = NO;
				CLANG_ANALYZER_NONNULL = YES;
				CLANG_ANALYZER_NUMBER_OBJECT_CONVERSION = YES_AGGRESSIVE;
				CLANG_CXX_LANGUAGE_STANDARD = "gnu++20";
				CLANG_ENABLE_MODULES = YES;
				CLANG_ENABLE_OBJC_ARC = YES;
				CLANG_ENABLE_OBJC_WEAK = YES;
				CLANG_WARN_BLOCK_CAPTURE_AUTORELEASING = YES;
				CLANG_WARN_BOOL_CONVERSION = YES;
				CLANG_WARN_COMMA = YES;
				CLANG_WARN_CONSTANT_CONVERSION = YES;
				CLANG_WARN_DEPRECATED_OBJC_IMPLEMENTATIONS = YES;
				CLANG_WARN_DIRECT_OBJC_ISA_USAGE = YES_ERROR;
				CLANG_WARN_DOCUMENTATION_COMMENTS = YES;
				CLANG_WARN_EMPTY_BODY = YES;
				CLANG_WARN_ENUM_CONVERSION = YES;
				CLANG_WARN_INFINITE_RECURSION = YES;
				CLANG_WARN_INT_CONVERSION = YES;
				CLANG_WARN_NON_LITERAL_NULL_CONVERSION = YES;
				CLANG_WARN_OBJC_IMPLICIT_RETAIN_SELF = YES;
				CLANG_WARN_OBJC_LITERAL_CONVERSION = YES;
				CLANG_WARN_OBJC_ROOT_CLASS = YES_ERROR;
				CLANG_WARN_QUOTED_INCLUDE_IN_FRAMEWORK_HEADER = YES;
				CLANG_WARN_RANGE_LOOP_ANALYSIS = YES;
				CLANG_WARN_STRICT_PROTOTYPES = YES;
				CLANG_WARN_SUSPICIOUS_MOVE = YES;
				CLANG_WARN_UNGUARDED_AVAILABILITY = YES_AGGRESSIVE;
				CLANG_WARN_UNREACHABLE_CODE = YES;
				CLANG_WARN__DUPLICATE_METHOD_MATCH = YES;
				COPY_PHASE_STRIP = NO;
				DEBUG_INFORMATION_FORMAT = dwarf;
				ENABLE_STRICT_OBJC_MSGSEND = YES;
				ENABLE_TESTABILITY = YES;
				GCC_C_LANGUAGE_STANDARD = gnu11;
				GCC_DYNAMIC_NO_PIC = NO;
				GCC_NO_COMMON_BLOCKS = YES;
				GCC_OPTIMIZATION_LEVEL = 0;
				GCC_PREPROCESSOR_DEFINITIONS = (
					"DEBUG=1",
					"$(inherited)",
				);
				GCC_WARN_64_TO_32_BIT_CONVERSION = YES;
				GCC_WARN_ABOUT_RETURN_TYPE = YES_ERROR;
				GCC_WARN_UNDECLARED_SELECTOR = YES;
				GCC_WARN_UNINITIALIZED_AUTOS = YES_AGGRESSIVE;
				GCC_WARN_UNUSED_FUNCTION = YES;
				GCC_WARN_UNUSED_VARIABLE = YES;
				MTL_ENABLE_DEBUG_INFO = INCLUDE_SOURCE;
				MTL_FAST_MATH = YES;
				ONLY_ACTIVE_ARCH = YES;
				SWIFT_ACTIVE_COMPILATION_CONDITIONS = DEBUG;
				SWIFT_OPTIMIZATION_LEVEL = "-Onone";
			};
			name = Debug;
		};
		3FD4DB78298FCB52009AB33E /* Release */ = {
			isa = XCBuildConfiguration;
			buildSettings = {
				ALWAYS_SEARCH_USER_PATHS = NO;
				CLANG_ANALYZER_NONNULL = YES;
				CLANG_ANALYZER_NUMBER_OBJECT_CONVERSION = YES_AGGRESSIVE;
				CLANG_CXX_LANGUAGE_STANDARD = "gnu++20";
				CLANG_ENABLE_MODULES = YES;
				CLANG_ENABLE_OBJC_ARC = YES;
				CLANG_ENABLE_OBJC_WEAK = YES;
				CLANG_WARN_BLOCK_CAPTURE_AUTORELEASING = YES;
				CLANG_WARN_BOOL_CONVERSION = YES;
				CLANG_WARN_COMMA = YES;
				CLANG_WARN_CONSTANT_CONVERSION = YES;
				CLANG_WARN_DEPRECATED_OBJC_IMPLEMENTATIONS = YES;
				CLANG_WARN_DIRECT_OBJC_ISA_USAGE = YES_ERROR;
				CLANG_WARN_DOCUMENTATION_COMMENTS = YES;
				CLANG_WARN_EMPTY_BODY = YES;
				CLANG_WARN_ENUM_CONVERSION = YES;
				CLANG_WARN_INFINITE_RECURSION = YES;
				CLANG_WARN_INT_CONVERSION = YES;
				CLANG_WARN_NON_LITERAL_NULL_CONVERSION = YES;
				CLANG_WARN_OBJC_IMPLICIT_RETAIN_SELF = YES;
				CLANG_WARN_OBJC_LITERAL_CONVERSION = YES;
				CLANG_WARN_OBJC_ROOT_CLASS = YES_ERROR;
				CLANG_WARN_QUOTED_INCLUDE_IN_FRAMEWORK_HEADER = YES;
				CLANG_WARN_RANGE_LOOP_ANALYSIS = YES;
				CLANG_WARN_STRICT_PROTOTYPES = YES;
				CLANG_WARN_SUSPICIOUS_MOVE = YES;
				CLANG_WARN_UNGUARDED_AVAILABILITY = YES_AGGRESSIVE;
				CLANG_WARN_UNREACHABLE_CODE = YES;
				CLANG_WARN__DUPLICATE_METHOD_MATCH = YES;
				COPY_PHASE_STRIP = NO;
				DEBUG_INFORMATION_FORMAT = "dwarf-with-dsym";
				ENABLE_NS_ASSERTIONS = NO;
				ENABLE_STRICT_OBJC_MSGSEND = YES;
				GCC_C_LANGUAGE_STANDARD = gnu11;
				GCC_NO_COMMON_BLOCKS = YES;
				GCC_WARN_64_TO_32_BIT_CONVERSION = YES;
				GCC_WARN_ABOUT_RETURN_TYPE = YES_ERROR;
				GCC_WARN_UNDECLARED_SELECTOR = YES;
				GCC_WARN_UNINITIALIZED_AUTOS = YES_AGGRESSIVE;
				GCC_WARN_UNUSED_FUNCTION = YES;
				GCC_WARN_UNUSED_VARIABLE = YES;
				MTL_ENABLE_DEBUG_INFO = NO;
				MTL_FAST_MATH = YES;
				SWIFT_COMPILATION_MODE = wholemodule;
				SWIFT_OPTIMIZATION_LEVEL = "-O";
			};
			name = Release;
		};
		3FD4DB7A298FCB52009AB33E /* Debug */ = {
			isa = XCBuildConfiguration;
			buildSettings = {
				ASSETCATALOG_COMPILER_APPICON_NAME = AppIcon;
				ASSETCATALOG_COMPILER_GLOBAL_ACCENT_COLOR_NAME = AccentColor;
				CODE_SIGN_ENTITLEMENTS = AiEmoj/AiEmoj.entitlements;
				CODE_SIGN_STYLE = Automatic;
				CURRENT_PROJECT_VERSION = 1;
				DEVELOPMENT_ASSET_PATHS = "\"AiEmoj/Preview Content\"";
				DEVELOPMENT_TEAM = N22PJBS26Y;
				ENABLE_HARDENED_RUNTIME = YES;
				ENABLE_PREVIEWS = YES;
				GENERATE_INFOPLIST_FILE = YES;
				INFOPLIST_KEY_CFBundleDisplayName = "AI Emoj";
				"INFOPLIST_KEY_UIApplicationSceneManifest_Generation[sdk=iphoneos*]" = YES;
				"INFOPLIST_KEY_UIApplicationSceneManifest_Generation[sdk=iphonesimulator*]" = YES;
				"INFOPLIST_KEY_UIApplicationSupportsIndirectInputEvents[sdk=iphoneos*]" = YES;
				"INFOPLIST_KEY_UIApplicationSupportsIndirectInputEvents[sdk=iphonesimulator*]" = YES;
				"INFOPLIST_KEY_UILaunchScreen_Generation[sdk=iphoneos*]" = YES;
				"INFOPLIST_KEY_UILaunchScreen_Generation[sdk=iphonesimulator*]" = YES;
				"INFOPLIST_KEY_UIStatusBarStyle[sdk=iphoneos*]" = UIStatusBarStyleDefault;
				"INFOPLIST_KEY_UIStatusBarStyle[sdk=iphonesimulator*]" = UIStatusBarStyleDefault;
				INFOPLIST_KEY_UISupportedInterfaceOrientations_iPad = "UIInterfaceOrientationPortrait UIInterfaceOrientationPortraitUpsideDown UIInterfaceOrientationLandscapeLeft UIInterfaceOrientationLandscapeRight";
				INFOPLIST_KEY_UISupportedInterfaceOrientations_iPhone = "UIInterfaceOrientationPortrait UIInterfaceOrientationLandscapeLeft UIInterfaceOrientationLandscapeRight";
				IPHONEOS_DEPLOYMENT_TARGET = 16.2;
				LD_RUNPATH_SEARCH_PATHS = "@executable_path/Frameworks";
				"LD_RUNPATH_SEARCH_PATHS[sdk=macosx*]" = "@executable_path/../Frameworks";
				MACOSX_DEPLOYMENT_TARGET = 13.1;
				MARKETING_VERSION = 1.0;
				PRODUCT_BUNDLE_IDENTIFIER = dev.buhe.AiEmoj;
				PRODUCT_NAME = "$(TARGET_NAME)";
				SDKROOT = auto;
				SUPPORTED_PLATFORMS = "iphoneos iphonesimulator macosx";
				SWIFT_EMIT_LOC_STRINGS = YES;
				SWIFT_VERSION = 5.0;
				TARGETED_DEVICE_FAMILY = "1,2";
			};
			name = Debug;
		};
		3FD4DB7B298FCB52009AB33E /* Release */ = {
			isa = XCBuildConfiguration;
			buildSettings = {
				ASSETCATALOG_COMPILER_APPICON_NAME = AppIcon;
				ASSETCATALOG_COMPILER_GLOBAL_ACCENT_COLOR_NAME = AccentColor;
				CODE_SIGN_ENTITLEMENTS = AiEmoj/AiEmoj.entitlements;
				CODE_SIGN_STYLE = Automatic;
				CURRENT_PROJECT_VERSION = 1;
				DEVELOPMENT_ASSET_PATHS = "\"AiEmoj/Preview Content\"";
				DEVELOPMENT_TEAM = N22PJBS26Y;
				ENABLE_HARDENED_RUNTIME = YES;
				ENABLE_PREVIEWS = YES;
				GENERATE_INFOPLIST_FILE = YES;
				INFOPLIST_KEY_CFBundleDisplayName = "AI Emoj";
				"INFOPLIST_KEY_UIApplicationSceneManifest_Generation[sdk=iphoneos*]" = YES;
				"INFOPLIST_KEY_UIApplicationSceneManifest_Generation[sdk=iphonesimulator*]" = YES;
				"INFOPLIST_KEY_UIApplicationSupportsIndirectInputEvents[sdk=iphoneos*]" = YES;
				"INFOPLIST_KEY_UIApplicationSupportsIndirectInputEvents[sdk=iphonesimulator*]" = YES;
				"INFOPLIST_KEY_UILaunchScreen_Generation[sdk=iphoneos*]" = YES;
				"INFOPLIST_KEY_UILaunchScreen_Generation[sdk=iphonesimulator*]" = YES;
				"INFOPLIST_KEY_UIStatusBarStyle[sdk=iphoneos*]" = UIStatusBarStyleDefault;
				"INFOPLIST_KEY_UIStatusBarStyle[sdk=iphonesimulator*]" = UIStatusBarStyleDefault;
				INFOPLIST_KEY_UISupportedInterfaceOrientations_iPad = "UIInterfaceOrientationPortrait UIInterfaceOrientationPortraitUpsideDown UIInterfaceOrientationLandscapeLeft UIInterfaceOrientationLandscapeRight";
				INFOPLIST_KEY_UISupportedInterfaceOrientations_iPhone = "UIInterfaceOrientationPortrait UIInterfaceOrientationLandscapeLeft UIInterfaceOrientationLandscapeRight";
				IPHONEOS_DEPLOYMENT_TARGET = 16.2;
				LD_RUNPATH_SEARCH_PATHS = "@executable_path/Frameworks";
				"LD_RUNPATH_SEARCH_PATHS[sdk=macosx*]" = "@executable_path/../Frameworks";
				MACOSX_DEPLOYMENT_TARGET = 13.1;
				MARKETING_VERSION = 1.0;
				PRODUCT_BUNDLE_IDENTIFIER = dev.buhe.AiEmoj;
				PRODUCT_NAME = "$(TARGET_NAME)";
				SDKROOT = auto;
				SUPPORTED_PLATFORMS = "iphoneos iphonesimulator macosx";
				SWIFT_EMIT_LOC_STRINGS = YES;
				SWIFT_VERSION = 5.0;
				TARGETED_DEVICE_FAMILY = "1,2";
			};
			name = Release;
		};
		3FD4DB7D298FCB52009AB33E /* Debug */ = {
			isa = XCBuildConfiguration;
			buildSettings = {
				ALWAYS_EMBED_SWIFT_STANDARD_LIBRARIES = YES;
				BUNDLE_LOADER = "$(TEST_HOST)";
				CODE_SIGN_STYLE = Automatic;
				CURRENT_PROJECT_VERSION = 1;
				DEVELOPMENT_TEAM = N22PJBS26Y;
				GENERATE_INFOPLIST_FILE = YES;
				IPHONEOS_DEPLOYMENT_TARGET = 16.2;
				MACOSX_DEPLOYMENT_TARGET = 13.1;
				MARKETING_VERSION = 1.0;
				PRODUCT_BUNDLE_IDENTIFIER = dev.buhe.AiEmojTests;
				PRODUCT_NAME = "$(TARGET_NAME)";
				SDKROOT = auto;
				SUPPORTED_PLATFORMS = "iphoneos iphonesimulator macosx";
				SWIFT_EMIT_LOC_STRINGS = NO;
				SWIFT_VERSION = 5.0;
				TARGETED_DEVICE_FAMILY = "1,2";
				TEST_HOST = "$(BUILT_PRODUCTS_DIR)/AiEmoj.app/$(BUNDLE_EXECUTABLE_FOLDER_PATH)/AiEmoj";
			};
			name = Debug;
		};
		3FD4DB7E298FCB52009AB33E /* Release */ = {
			isa = XCBuildConfiguration;
			buildSettings = {
				ALWAYS_EMBED_SWIFT_STANDARD_LIBRARIES = YES;
				BUNDLE_LOADER = "$(TEST_HOST)";
				CODE_SIGN_STYLE = Automatic;
				CURRENT_PROJECT_VERSION = 1;
				DEVELOPMENT_TEAM = N22PJBS26Y;
				GENERATE_INFOPLIST_FILE = YES;
				IPHONEOS_DEPLOYMENT_TARGET = 16.2;
				MACOSX_DEPLOYMENT_TARGET = 13.1;
				MARKETING_VERSION = 1.0;
				PRODUCT_BUNDLE_IDENTIFIER = dev.buhe.AiEmojTests;
				PRODUCT_NAME = "$(TARGET_NAME)";
				SDKROOT = auto;
				SUPPORTED_PLATFORMS = "iphoneos iphonesimulator macosx";
				SWIFT_EMIT_LOC_STRINGS = NO;
				SWIFT_VERSION = 5.0;
				TARGETED_DEVICE_FAMILY = "1,2";
				TEST_HOST = "$(BUILT_PRODUCTS_DIR)/AiEmoj.app/$(BUNDLE_EXECUTABLE_FOLDER_PATH)/AiEmoj";
			};
			name = Release;
		};
		3FD4DB80298FCB52009AB33E /* Debug */ = {
			isa = XCBuildConfiguration;
			buildSettings = {
				ALWAYS_EMBED_SWIFT_STANDARD_LIBRARIES = YES;
				CODE_SIGN_STYLE = Automatic;
				CURRENT_PROJECT_VERSION = 1;
				DEVELOPMENT_TEAM = N22PJBS26Y;
				GENERATE_INFOPLIST_FILE = YES;
				IPHONEOS_DEPLOYMENT_TARGET = 16.2;
				MACOSX_DEPLOYMENT_TARGET = 13.1;
				MARKETING_VERSION = 1.0;
				PRODUCT_BUNDLE_IDENTIFIER = dev.buhe.AiEmojUITests;
				PRODUCT_NAME = "$(TARGET_NAME)";
				SDKROOT = auto;
				SUPPORTED_PLATFORMS = "iphoneos iphonesimulator macosx";
				SWIFT_EMIT_LOC_STRINGS = NO;
				SWIFT_VERSION = 5.0;
				TARGETED_DEVICE_FAMILY = "1,2";
				TEST_TARGET_NAME = AiEmoj;
			};
			name = Debug;
		};
		3FD4DB81298FCB52009AB33E /* Release */ = {
			isa = XCBuildConfiguration;
			buildSettings = {
				ALWAYS_EMBED_SWIFT_STANDARD_LIBRARIES = YES;
				CODE_SIGN_STYLE = Automatic;
				CURRENT_PROJECT_VERSION = 1;
				DEVELOPMENT_TEAM = N22PJBS26Y;
				GENERATE_INFOPLIST_FILE = YES;
				IPHONEOS_DEPLOYMENT_TARGET = 16.2;
				MACOSX_DEPLOYMENT_TARGET = 13.1;
				MARKETING_VERSION = 1.0;
				PRODUCT_BUNDLE_IDENTIFIER = dev.buhe.AiEmojUITests;
				PRODUCT_NAME = "$(TARGET_NAME)";
				SDKROOT = auto;
				SUPPORTED_PLATFORMS = "iphoneos iphonesimulator macosx";
				SWIFT_EMIT_LOC_STRINGS = NO;
				SWIFT_VERSION = 5.0;
				TARGETED_DEVICE_FAMILY = "1,2";
				TEST_TARGET_NAME = AiEmoj;
			};
			name = Release;
		};
/* End XCBuildConfiguration section */

/* Begin XCConfigurationList section */
		3FD4DB4A298FCB51009AB33E /* Build configuration list for PBXProject "AiEmoj" */ = {
			isa = XCConfigurationList;
			buildConfigurations = (
				3FD4DB77298FCB52009AB33E /* Debug */,
				3FD4DB78298FCB52009AB33E /* Release */,
			);
			defaultConfigurationIsVisible = 0;
			defaultConfigurationName = Release;
		};
		3FD4DB79298FCB52009AB33E /* Build configuration list for PBXNativeTarget "AiEmoj" */ = {
			isa = XCConfigurationList;
			buildConfigurations = (
				3FD4DB7A298FCB52009AB33E /* Debug */,
				3FD4DB7B298FCB52009AB33E /* Release */,
			);
			defaultConfigurationIsVisible = 0;
			defaultConfigurationName = Release;
		};
		3FD4DB7C298FCB52009AB33E /* Build configuration list for PBXNativeTarget "AiEmojTests" */ = {
			isa = XCConfigurationList;
			buildConfigurations = (
				3FD4DB7D298FCB52009AB33E /* Debug */,
				3FD4DB7E298FCB52009AB33E /* Release */,
			);
			defaultConfigurationIsVisible = 0;
			defaultConfigurationName = Release;
		};
		3FD4DB7F298FCB52009AB33E /* Build configuration list for PBXNativeTarget "AiEmojUITests" */ = {
			isa = XCConfigurationList;
			buildConfigurations = (
				3FD4DB80298FCB52009AB33E /* Debug */,
				3FD4DB81298FCB52009AB33E /* Release */,
			);
			defaultConfigurationIsVisible = 0;
			defaultConfigurationName = Release;
		};
/* End XCConfigurationList section */

/* Begin XCRemoteSwiftPackageReference section */
		3FD4DB862990D63D009AB33E /* XCRemoteSwiftPackageReference "SwiftyJSON" */ = {
			isa = XCRemoteSwiftPackageReference;
			repositoryURL = "https://github.com/SwiftyJSON/SwiftyJSON";
			requirement = {
				branch = master;
				kind = branch;
			};
		};
/* End XCRemoteSwiftPackageReference section */

/* Begin XCSwiftPackageProductDependency section */
		3FD4DB872990D63D009AB33E /* SwiftyJSON */ = {
			isa = XCSwiftPackageProductDependency;
			package = 3FD4DB862990D63D009AB33E /* XCRemoteSwiftPackageReference "SwiftyJSON" */;
			productName = SwiftyJSON;
		};
/* End XCSwiftPackageProductDependency section */

/* Begin XCVersionGroup section */
		3FD4DB56298FCB51009AB33E /* AiEmoj.xcdatamodeld */ = {
			isa = XCVersionGroup;
			children = (
				3FD4DB57298FCB51009AB33E /* AiEmoj.xcdatamodel */,
			);
			currentVersion = 3FD4DB57298FCB51009AB33E /* AiEmoj.xcdatamodel */;
			path = AiEmoj.xcdatamodeld;
			sourceTree = "<group>";
			versionGroupType = wrapper.xcdatamodel;
		};
/* End XCVersionGroup section */
	};
	rootObject = 3FD4DB47298FCB51009AB33E /* Project object */;
}
